{
  "nodes": {
    "agent-skills": {
      "inputs": {
        "home-manager": "home-manager",
        "nixpkgs": [
          "nixpkgs"
        ]
      },
      "locked": {
        "lastModified": 1772204473,
        "narHash": "sha256-iT3F56ad9zxrY7BCjVIyBk8xHwnULL3WcJOdQc+HHVU=",
        "owner": "Kyure-A",
        "repo": "agent-skills-nix",
        "rev": "9ee599cb979640aa403083106743a3e3f6458645",
        "type": "github"
      },
      "original": {
        "owner": "Kyure-A",
        "repo": "agent-skills-nix",
        "type": "github"
      }
    },
    "anthropic-skills": {
      "flake": false,
      "locked": {
        "lastModified": 1771993718,
        "narHash": "sha256-mZZ0rlj/kju7we1h+MvUjgFAVjcZ/qKkMbNZfhfCSvk=",
        "owner": "anthropics",
        "repo": "skills",
        "rev": "3d59511518591fa82e6cfcf0438d68dd5dad3e76",
        "type": "github"
      },
      "original": {
        "owner": "anthropics",
        "repo": "skills",
        "type": "github"
      }
    },
    "ast-grep-skill": {
      "flake": false,
      "locked": {
        "lastModified": 1769044697,
        "narHash": "sha256-LgGFtPieyKtoru22AhHW8hvkJ8kCHO2Cr8rBOWGuxvY=",
        "owner": "ast-grep",
        "repo": "claude-skill",
        "rev": "577f4d4507678f2c8cee150fae25e6ce309f70b1",
        "type": "github"
      },
      "original": {
        "owner": "ast-grep",
        "repo": "claude-skill",
        "type": "github"
      }
    },
    "aws-agent-skills": {
      "flake": false,
      "locked": {
        "lastModified": 1771542841,
        "narHash": "sha256-9djov4yPPOXj+1/ySjpse9cTpfmCgideFukZgOGXuiw=",
        "owner": "itsmostafa",
        "repo": "aws-agent-skills",
        "rev": "2ccd14e6700ba96524e0961a6750ce6b056ed9c8",
        "type": "github"
      },
      "original": {
        "owner": "itsmostafa",
        "repo": "aws-agent-skills",
        "type": "github"
      }
    },
    "blueprint": {
      "inputs": {
        "nixpkgs": [
          "llm-agents",
          "nixpkgs"
        ],
        "systems": [
          "llm-agents",
          "systems"
        ]
      },
      "locked": {
        "lastModified": 1771437256,
        "narHash": "sha256-bLqwib+rtyBRRVBWhMuBXPCL/OThfokA+j6+uH7jDGU=",
        "owner": "numtide",
        "repo": "blueprint",
        "rev": "06ee7190dc2620ea98af9eb225aa9627b68b0e33",
        "type": "github"
      },
      "original": {
        "owner": "numtide",
        "repo": "blueprint",
        "type": "github"
      }
    },
    "brew-api": {
      "flake": false,
      "locked": {
        "lastModified": 1772777691,
        "narHash": "sha256-UCr5KGJ9Nn9dZSaKFOiPBuXGHlfUF6WndC3/i09NdXA=",
        "owner": "BatteredBunny",
        "repo": "brew-api",
        "rev": "f1ead02be2b78bd30094d20dbd5042167e363a8c",
        "type": "github"
      },
      "original": {
        "owner": "BatteredBunny",
        "repo": "brew-api",
        "type": "github"
      }
    },
    "brew-nix": {
      "inputs": {
        "brew-api": [
          "brew-api"
        ],
        "nix-darwin": [
          "nix-darwin"
        ],
        "nixpkgs": [
          "nixpkgs"
        ]
      },
      "locked": {
        "lastModified": 1764779851,
        "narHash": "sha256-7WrgeIYBEuFG7DZtS8dio0y9nvRHf3otk7oqsPIoECs=",
        "owner": "BatteredBunny",
        "repo": "brew-nix",
        "rev": "b314426c17667bcebd73ed7e57ecae2bac9755cf",
        "type": "github"
      },
      "original": {
        "owner": "BatteredBunny",
        "repo": "brew-nix",
        "type": "github"
      }
    },
    "bun2nix": {
      "inputs": {
        "flake-parts": [
          "llm-agents",
          "flake-parts"
        ],
        "import-tree": "import-tree",
        "nixpkgs": [
          "llm-agents",
          "nixpkgs"
        ],
        "systems": [
          "llm-agents",
          "systems"
        ],
        "treefmt-nix": [
          "llm-agents",
          "treefmt-nix"
        ]
      },
      "locked": {
        "lastModified": 1770895533,
        "narHash": "sha256-v3QaK9ugy9bN9RXDnjw0i2OifKmz2NnKM82agtqm/UY=",
        "owner": "nix-community",
        "repo": "bun2nix",
        "rev": "c843f477b15f51151f8c6bcc886954699440a6e1",
        "type": "github"
      },
      "original": {
        "owner": "nix-community",
        "repo": "bun2nix",
        "type": "github"
      }
    },
    "cage": {
      "inputs": {
        "flake-parts": [
          "flake-parts"
        ],
        "git-hooks": [
          "git-hooks"
        ],
        "nixpkgs": [
          "nixpkgs"
        ],
        "treefmt-nix": [
          "treefmt-nix"
        ]
      },
      "locked": {
        "lastModified": 1772335827,
        "narHash": "sha256-5sbb4zXpGpNRi/7fv+Ggsgu3WRXp65O6zOnio8/0LSg=",
        "owner": "Warashi",
        "repo": "cage",
        "rev": "9105203dabbb1f5d6c21f6bbe58780e755760b9c",
        "type": "github"
      },
      "original": {
        "owner": "Warashi",
        "repo": "cage",
        "type": "github"
      }
    },
    "cloudflare-skills": {
      "flake": false,
      "locked": {
        "lastModified": 1772551851,
        "narHash": "sha256-QUhPWw8VdqUwn0cT8GZeEBY7+iXr16dYQu1FGRw08Po=",
        "owner": "cloudflare",
        "repo": "skills",
        "rev": "d3113039790f64e052ff80f351190da65e9b7510",
        "type": "github"
      },
      "original": {
        "owner": "cloudflare",
        "repo": "skills",
        "type": "github"
      }
    },
    "deno-skills": {
      "flake": false,
      "locked": {
        "lastModified": 1771419636,
        "narHash": "sha256-RaAEW6dMtWnNdFAOaQsbLaKFHvtwxAm37+6O8flJlLQ=",
        "owner": "denoland",
        "repo": "skills",
        "rev": "1a4267f4fc60d75839d740ae39a7e0bb0170cf0b",
        "type": "github"
      },
      "original": {
        "owner": "denoland",
        "repo": "skills",
        "type": "github"
      }
    },
    "flake-compat": {
      "flake": false,
      "locked": {
        "lastModified": 1761588595,
        "narHash": "sha256-XKUZz9zewJNUj46b4AJdiRZJAvSZ0Dqj2BNfXvFlJC4=",
        "owner": "edolstra",
        "repo": "flake-compat",
        "rev": "f387cd2afec9419c8ee37694406ca490c3f34ee5",
        "type": "github"
      },
      "original": {
        "owner": "edolstra",
        "repo": "flake-compat",
        "type": "github"
      }
    },
    "flake-compat_2": {
      "flake": false,
      "locked": {
        "lastModified": 1761588595,
        "narHash": "sha256-XKUZz9zewJNUj46b4AJdiRZJAvSZ0Dqj2BNfXvFlJC4=",
        "owner": "edolstra",
        "repo": "flake-compat",
        "rev": "f387cd2afec9419c8ee37694406ca490c3f34ee5",
        "type": "github"
      },
      "original": {
        "owner": "edolstra",
        "repo": "flake-compat",
        "type": "github"
      }
    },
    "flake-compat_3": {
      "flake": false,
      "locked": {
        "lastModified": 1767039857,
        "narHash": "sha256-vNpUSpF5Nuw8xvDLj2KCwwksIbjua2LZCqhV1LNRDns=",
        "owner": "NixOS",
        "repo": "flake-compat",
        "rev": "5edf11c44bc78a0d334f6334cdaf7d60d732daab",
        "type": "github"
      },
      "original": {
        "owner": "NixOS",
        "repo": "flake-compat",
        "type": "github"
      }
    },
    "flake-compat_4": {
      "flake": false,
      "locked": {
        "lastModified": 1767039857,
        "narHash": "sha256-vNpUSpF5Nuw8xvDLj2KCwwksIbjua2LZCqhV1LNRDns=",
        "owner": "edolstra",
        "repo": "flake-compat",
        "rev": "5edf11c44bc78a0d334f6334cdaf7d60d732daab",
        "type": "github"
      },
      "original": {
        "owner": "edolstra",
        "repo": "flake-compat",
        "type": "github"
      }
    },
    "flake-compat_5": {
      "flake": false,
      "locked": {
        "lastModified": 1767039857,
        "narHash": "sha256-vNpUSpF5Nuw8xvDLj2KCwwksIbjua2LZCqhV1LNRDns=",
        "owner": "NixOS",
        "repo": "flake-compat",
        "rev": "5edf11c44bc78a0d334f6334cdaf7d60d732daab",
        "type": "github"
      },
      "original": {
        "owner": "NixOS",
        "repo": "flake-compat",
        "type": "github"
      }
    },
    "flake-compat_6": {
      "flake": false,
      "locked": {
        "lastModified": 1767039857,
        "narHash": "sha256-vNpUSpF5Nuw8xvDLj2KCwwksIbjua2LZCqhV1LNRDns=",
        "owner": "NixOS",
        "repo": "flake-compat",
        "rev": "5edf11c44bc78a0d334f6334cdaf7d60d732daab",
        "type": "github"
      },
      "original": {
        "owner": "NixOS",
        "repo": "flake-compat",
        "type": "github"
      }
    },
    "flake-parts": {
      "inputs": {
        "nixpkgs-lib": [
          "nixpkgs"
        ]
      },
      "locked": {
        "lastModified": 1769996383,
        "narHash": "sha256-AnYjnFWgS49RlqX7LrC4uA+sCCDBj0Ry/WOJ5XWAsa0=",
        "owner": "hercules-ci",
        "repo": "flake-parts",
        "rev": "57928607ea566b5db3ad13af0e57e921e6b12381",
        "type": "github"
      },
      "original": {
        "owner": "hercules-ci",
        "repo": "flake-parts",
        "type": "github"
      }
    },
    "flake-parts_2": {
      "inputs": {
        "nixpkgs-lib": "nixpkgs-lib"
      },
      "locked": {
        "lastModified": 1765835352,
        "narHash": "sha256-XswHlK/Qtjasvhd1nOa1e8MgZ8GS//jBoTqWtrS1Giw=",
        "owner": "hercules-ci",
        "repo": "flake-parts",
        "rev": "a34fae9c08a15ad73f295041fec82323541400a9",
        "type": "github"
      },
      "original": {
        "owner": "hercules-ci",
        "repo": "flake-parts",
        "type": "github"
      }
    },
    "flake-parts_3": {
      "inputs": {
        "nixpkgs-lib": "nixpkgs-lib_2"
      },
      "locked": {
        "lastModified": 1765835352,
        "narHash": "sha256-XswHlK/Qtjasvhd1nOa1e8MgZ8GS//jBoTqWtrS1Giw=",
        "owner": "hercules-ci",
        "repo": "flake-parts",
        "rev": "a34fae9c08a15ad73f295041fec82323541400a9",
        "type": "github"
      },
      "original": {
        "owner": "hercules-ci",
        "repo": "flake-parts",
        "type": "github"
      }
    },
    "flake-parts_4": {
      "inputs": {
        "nixpkgs-lib": [
          "llm-agents",
          "nixpkgs"
        ]
      },
      "locked": {
        "lastModified": 1772408722,
        "narHash": "sha256-rHuJtdcOjK7rAHpHphUb1iCvgkU3GpfvicLMwwnfMT0=",
        "owner": "hercules-ci",
        "repo": "flake-parts",
        "rev": "f20dc5d9b8027381c474144ecabc9034d6a839a3",
        "type": "github"
      },
      "original": {
        "owner": "hercules-ci",
        "repo": "flake-parts",
        "type": "github"
      }
    },
    "flake-parts_5": {
      "inputs": {
        "nixpkgs-lib": "nixpkgs-lib_3"
      },
      "locked": {
        "lastModified": 1769996383,
        "narHash": "sha256-AnYjnFWgS49RlqX7LrC4uA+sCCDBj0Ry/WOJ5XWAsa0=",
        "owner": "hercules-ci",
        "repo": "flake-parts",
        "rev": "57928607ea566b5db3ad13af0e57e921e6b12381",
        "type": "github"
      },
      "original": {
        "owner": "hercules-ci",
        "repo": "flake-parts",
        "type": "github"
      }
    },
    "flake-parts_6": {
      "inputs": {
        "nixpkgs-lib": "nixpkgs-lib_4"
      },
      "locked": {
        "lastModified": 1772408722,
        "narHash": "sha256-rHuJtdcOjK7rAHpHphUb1iCvgkU3GpfvicLMwwnfMT0=",
        "owner": "hercules-ci",
        "repo": "flake-parts",
        "rev": "f20dc5d9b8027381c474144ecabc9034d6a839a3",
        "type": "github"
      },
      "original": {
        "owner": "hercules-ci",
        "repo": "flake-parts",
        "type": "github"
      }
    },
    "flake-utils": {
      "inputs": {
        "systems": "systems"
      },
      "locked": {
        "lastModified": 1731533236,
        "narHash": "sha256-l0KFg5HjrsfsO/JpG+r7fRrqm12kzFHyUHqHCVpMMbI=",
        "owner": "numtide",
        "repo": "flake-utils",
        "rev": "11707dc2f618dd54ca8739b309ec4fc024de578b",
        "type": "github"
      },
      "original": {
        "owner": "numtide",
        "repo": "flake-utils",
        "type": "github"
      }
    },
    "gh-graph": {
      "inputs": {
        "flake-parts": "flake-parts_2",
        "nixpkgs": [
          "nixpkgs"
        ]
      },
      "locked": {
        "lastModified": 1767343519,
        "narHash": "sha256-YN531o7DQizReE4O5naHLzMSWxllCtxg2p6GJiw7qb0=",
        "owner": "kawarimidoll",
        "repo": "gh-graph",
        "rev": "bf453bad04b994e91fb7a4c220f1924f631b4755",
        "type": "github"
      },
      "original": {
        "owner": "kawarimidoll",
        "repo": "gh-graph",
        "type": "github"
      }
    },
    "gh-nippou": {
      "inputs": {
        "flake-parts": "flake-parts_3",
        "git-hooks": "git-hooks",
        "nixpkgs": [
          "nixpkgs"
        ],
        "treefmt-nix": "treefmt-nix"
      },
      "locked": {
        "lastModified": 1771481409,
        "narHash": "sha256-JkOVo8rEGdkVwQitLP5JxlbnwQP98uXQyR6TTSpf9Do=",
        "owner": "ryoppippi",
        "repo": "gh-nippou",
        "rev": "74f87d22c96975e3a5b1d5a65bfbb7b5a1f84f84",
        "type": "github"
      },
      "original": {
        "owner": "ryoppippi",
        "repo": "gh-nippou",
        "type": "github"
      }
    },
    "ghostty": {
      "inputs": {
        "flake-compat": "flake-compat_2",
        "flake-utils": "flake-utils",
        "home-manager": "home-manager_2",
        "nixpkgs": "nixpkgs",
        "zig": "zig",
        "zon2nix": "zon2nix"
      },
      "locked": {
        "lastModified": 1772774995,
        "narHash": "sha256-EIE0+wsVxnQOvtMB81BdCE/YWcdhlB3dJW/afKK+CXU=",
        "owner": "ghostty-org",
        "repo": "ghostty",
        "rev": "d03338c1b53e1f0bc1e5f711f91c5d474d27ceee",
        "type": "github"
      },
      "original": {
        "owner": "ghostty-org",
        "repo": "ghostty",
        "type": "github"
      }
    },
    "git-hooks": {
      "inputs": {
        "flake-compat": "flake-compat",
        "gitignore": "gitignore",
        "nixpkgs": [
          "gh-nippou",
          "nixpkgs"
        ]
      },
      "locked": {
        "lastModified": 1765464257,
        "narHash": "sha256-dixPWKiHzh80PtD0aLuxYNQ0xP+843dfXG/yM3OzaYQ=",
        "owner": "cachix",
        "repo": "git-hooks.nix",
        "rev": "09e45f2598e1a8499c3594fe11ec2943f34fe509",
        "type": "github"
      },
      "original": {
        "owner": "cachix",
        "repo": "git-hooks.nix",
        "type": "github"
      }
    },
    "git-hooks_2": {
      "inputs": {
        "flake-compat": "flake-compat_3",
        "gitignore": "gitignore_2",
        "nixpkgs": [
          "nixpkgs"
        ]
      },
      "locked": {
        "lastModified": 1772109152,
        "narHash": "sha256-XmjUDG/J8Z8lY5DVNVUf5aoZGc400FxcjsNCqHKiKtc=",
        "owner": "cachix",
        "repo": "git-hooks.nix",
        "rev": "830191e517188362b857bbcf741b704a03ffd842",
        "type": "github"
      },
      "original": {
        "owner": "cachix",
        "repo": "git-hooks.nix",
        "type": "github"
      }
    },
    "git-hooks_3": {
      "inputs": {
        "flake-compat": "flake-compat_5",
        "gitignore": "gitignore_3",
        "nixpkgs": [
          "repiq",
          "nixpkgs"
        ]
      },
      "locked": {
        "lastModified": 1771858127,
        "narHash": "sha256-Gtre9YoYl3n25tJH2AoSdjuwcqij5CPxL3U3xysYD08=",
        "owner": "cachix",
        "repo": "git-hooks.nix",
        "rev": "49bbbfc218bf3856dfa631cead3b052d78248b83",
        "type": "github"
      },
      "original": {
        "owner": "cachix",
        "repo": "git-hooks.nix",
        "type": "github"
      }
    },
    "git-hooks_4": {
      "inputs": {
        "flake-compat": "flake-compat_6",
        "gitignore": "gitignore_4",
        "nixpkgs": [
          "rustowl-flake",
          "nixpkgs"
        ]
      },
      "locked": {
        "lastModified": 1772665116,
        "narHash": "sha256-XmjUDG/J8Z8lY5DVNVUf5aoZGc400FxcjsNCqHKiKtc=",
        "owner": "cachix",
        "repo": "git-hooks.nix",
        "rev": "39f53203a8458c330f61cc0759fe243f0ac0d198",
        "type": "github"
      },
      "original": {
        "owner": "cachix",
        "repo": "git-hooks.nix",
        "type": "github"
      }
    },
    "gitignore": {
      "inputs": {
        "nixpkgs": [
          "gh-nippou",
          "git-hooks",
          "nixpkgs"
        ]
      },
      "locked": {
        "lastModified": 1709087332,
        "narHash": "sha256-HG2cCnktfHsKV0s4XW83gU3F57gaTljL9KNSuG6bnQs=",
        "owner": "hercules-ci",
        "repo": "gitignore.nix",
        "rev": "637db329424fd7e46cf4185293b9cc8c88c95394",
        "type": "github"
      },
      "original": {
        "owner": "hercules-ci",
        "repo": "gitignore.nix",
        "type": "github"
      }
    },
    "gitignore_2": {
      "inputs": {
        "nixpkgs": [
          "git-hooks",
          "nixpkgs"
        ]
      },
      "locked": {
        "lastModified": 1709087332,
        "narHash": "sha256-HG2cCnktfHsKV0s4XW83gU3F57gaTljL9KNSuG6bnQs=",
        "owner": "hercules-ci",
        "repo": "gitignore.nix",
        "rev": "637db329424fd7e46cf4185293b9cc8c88c95394",
        "type": "github"
      },
      "original": {
        "owner": "hercules-ci",
        "repo": "gitignore.nix",
        "type": "github"
      }
    },
    "gitignore_3": {
      "inputs": {
        "nixpkgs": [
          "repiq",
          "git-hooks",
          "nixpkgs"
        ]
      },
      "locked": {
        "lastModified": 1709087332,
        "narHash": "sha256-HG2cCnktfHsKV0s4XW83gU3F57gaTljL9KNSuG6bnQs=",
        "owner": "hercules-ci",
        "repo": "gitignore.nix",
        "rev": "637db329424fd7e46cf4185293b9cc8c88c95394",
        "type": "github"
      },
      "original": {
        "owner": "hercules-ci",
        "repo": "gitignore.nix",
        "type": "github"
      }
    },
    "gitignore_4": {
      "inputs": {
        "nixpkgs": [
          "rustowl-flake",
          "git-hooks",
          "nixpkgs"
        ]
      },
      "locked": {
        "lastModified": 1709087332,
        "narHash": "sha256-HG2cCnktfHsKV0s4XW83gU3F57gaTljL9KNSuG6bnQs=",
        "owner": "hercules-ci",
        "repo": "gitignore.nix",
        "rev": "637db329424fd7e46cf4185293b9cc8c88c95394",
        "type": "github"
      },
      "original": {
        "owner": "hercules-ci",
        "repo": "gitignore.nix",
        "type": "github"
      }
    },
    "hashicorp-agent-skills": {
      "flake": false,
      "locked": {
        "lastModified": 1772625576,
        "narHash": "sha256-gtXcigFYy5xMEBMgTa0pQjmwXfO0uHCLb0ybT22r5xM=",
        "owner": "hashicorp",
        "repo": "agent-skills",
        "rev": "876a095c71079e4c112fb1de2f1a66dca0ffea23",
        "type": "github"
      },
      "original": {
        "owner": "hashicorp",
        "repo": "agent-skills",
        "type": "github"
      }
    },
    "home-manager": {
      "inputs": {
        "nixpkgs": [
          "agent-skills",
          "nixpkgs"
        ]
      },
      "locked": {
        "lastModified": 1771756436,
        "narHash": "sha256-Tl2I0YXdhSTufGqAaD1ySh8x+cvVsEI1mJyJg12lxhI=",
        "owner": "nix-community",
        "repo": "home-manager",
        "rev": "5bd3589390b431a63072868a90c0f24771ff4cbb",
        "type": "github"
      },
      "original": {
        "owner": "nix-community",
        "repo": "home-manager",
        "type": "github"
      }
    },
    "home-manager_2": {
      "inputs": {
        "nixpkgs": [
          "ghostty",
          "nixpkgs"
        ]
      },
      "locked": {
        "lastModified": 1770586272,
        "narHash": "sha256-Ucci8mu8QfxwzyfER2DQDbvW9t1BnTUJhBmY7ybralo=",
        "owner": "nix-community",
        "repo": "home-manager",
        "rev": "b1f916ba052341edc1f80d4b2399f1092a4873ca",
        "type": "github"
      },
      "original": {
        "owner": "nix-community",
        "repo": "home-manager",
        "type": "github"
      }
    },
    "home-manager_3": {
      "inputs": {
        "nixpkgs": [
          "nixpkgs"
        ]
      },
      "locked": {
        "lastModified": 1772633327,
        "narHash": "sha256-jl+DJB2DUx7EbWLRng+6HNWW/1/VQOnf0NsQB4PlA7I=",
        "owner": "nix-community",
        "repo": "home-manager",
        "rev": "5a75730e6f21ee624cbf86f4915c6e7489c74acc",
        "type": "github"
      },
      "original": {
        "owner": "nix-community",
        "repo": "home-manager",
        "type": "github"
      }
    },
    "home-manager_4": {
      "inputs": {
        "nixpkgs": [
          "nix-hazkey",
          "nixpkgs"
        ]
      },
      "locked": {
        "lastModified": 1767556355,
        "narHash": "sha256-RDTUBDQBi9D4eD9iJQWtUDN/13MDLX+KmE+TwwNUp2s=",
        "owner": "nix-community",
        "repo": "home-manager",
        "rev": "f894bc4ffde179d178d8deb374fcf9855d1a82b7",
        "type": "github"
      },
      "original": {
        "owner": "nix-community",
        "repo": "home-manager",
        "type": "github"
      }
    },
    "import-tree": {
      "locked": {
        "lastModified": 1763762820,
        "narHash": "sha256-ZvYKbFib3AEwiNMLsejb/CWs/OL/srFQ8AogkebEPF0=",
        "owner": "vic",
        "repo": "import-tree",
        "rev": "3c23749d8013ec6daa1d7255057590e9ca726646",
        "type": "github"
      },
      "original": {
        "owner": "vic",
        "repo": "import-tree",
        "type": "github"
      }
    },
    "llm-agents": {
      "inputs": {
        "blueprint": "blueprint",
        "bun2nix": "bun2nix",
        "flake-parts": "flake-parts_4",
        "nixpkgs": "nixpkgs_2",
        "systems": "systems_2",
        "treefmt-nix": "treefmt-nix_2"
      },
      "locked": {
        "lastModified": 1773027378,
        "narHash": "sha256-HmPuztYkwUUh7JTiWgzR7mVRBu8QpEsEJte1oHs948c=",
        "owner": "numtide",
        "repo": "llm-agents.nix",
        "rev": "7af76e805387c6d77eeab4f75464f8d4c1af74b0",
        "type": "github"
      },
      "original": {
        "owner": "numtide",
        "repo": "llm-agents.nix",
        "type": "github"
      }
    },
    "mcp-servers-nix": {
      "inputs": {
        "nixpkgs": [
          "nixpkgs"
        ]
      },
      "locked": {
        "lastModified": 1772760127,
        "narHash": "sha256-GO8yrPLKjQ/aK5xhcRVdGOd1yRmBuZyucgNehXX1JO8=",
        "owner": "natsukium",
        "repo": "mcp-servers-nix",
        "rev": "bf994c1c54510ff9663811a1fd2509278432d892",
        "type": "github"
      },
      "original": {
        "owner": "natsukium",
        "repo": "mcp-servers-nix",
        "type": "github"
      }
    },
    "moonbit-overlay": {
      "inputs": {
        "nixpkgs": "nixpkgs_3",
        "treefmt-nix": "treefmt-nix_3"
      },
      "locked": {
        "lastModified": 1772080020,
        "narHash": "sha256-zufAe9XUiv+0DxDzJrDwfJD9r/pN4EEmI+qNdC93gtc=",
        "owner": "moonbit-community",
        "repo": "moonbit-overlay",
        "rev": "c9ffb3b1f4809132b2f3e9191363d5abfa6ac1ae",
        "type": "github"
      },
      "original": {
        "owner": "moonbit-community",
        "repo": "moonbit-overlay",
        "type": "github"
      }
    },
    "niri": {
      "inputs": {
        "niri-stable": "niri-stable",
        "niri-unstable": "niri-unstable",
        "nixpkgs": [
          "nixpkgs"
        ],
        "nixpkgs-stable": "nixpkgs-stable",
        "xwayland-satellite-stable": "xwayland-satellite-stable",
        "xwayland-satellite-unstable": "xwayland-satellite-unstable"
      },
      "locked": {
        "lastModified": 1772631301,
        "narHash": "sha256-wAHeBX+aSiA+cAlWtwe5NisjMfrJq6WxrtT+CE7/tFM=",
        "owner": "sodiboo",
        "repo": "niri-flake",
        "rev": "110e61e49828860499ead8bc539470f1261896ae",
        "type": "github"
      },
      "original": {
        "owner": "sodiboo",
        "repo": "niri-flake",
        "type": "github"
      }
    },
    "niri-stable": {
      "flake": false,
      "locked": {
        "lastModified": 1756556321,
        "narHash": "sha256-RLD89dfjN0RVO86C/Mot0T7aduCygPGaYbog566F0Qo=",
        "owner": "YaLTeR",
        "repo": "niri",
        "rev": "01be0e65f4eb91a9cd624ac0b76aaeab765c7294",
        "type": "github"
      },
      "original": {
        "owner": "YaLTeR",
        "ref": "v25.08",
        "repo": "niri",
        "type": "github"
      }
    },
    "niri-unstable": {
      "flake": false,
      "locked": {
        "lastModified": 1772207631,
        "narHash": "sha256-Jkkg+KqshFO3CbTszVVpkKN2AOObYz+wMsM3ONo1z5g=",
        "owner": "YaLTeR",
        "repo": "niri",
        "rev": "e708f546153f74acf33eb183b3b2992587a701e5",
        "type": "github"
      },
      "original": {
        "owner": "YaLTeR",
        "repo": "niri",
        "type": "github"
      }
    },
    "nix-darwin": {
      "inputs": {
        "nixpkgs": [
          "nixpkgs"
        ]
      },
      "locked": {
        "lastModified": 1772379624,
        "narHash": "sha256-NG9LLTWlz4YiaTAiRGChbrzbVxBfX+Auq4Ab/SWmk4A=",
        "owner": "nix-darwin",
        "repo": "nix-darwin",
        "rev": "52d061516108769656a8bd9c6e811c677ec5b462",
        "type": "github"
      },
      "original": {
        "owner": "nix-darwin",
        "repo": "nix-darwin",
        "type": "github"
      }
    },
    "nix-filter": {
      "locked": {
        "lastModified": 1757882181,
        "narHash": "sha256-+cCxYIh2UNalTz364p+QYmWHs0P+6wDhiWR4jDIKQIU=",
        "owner": "numtide",
        "repo": "nix-filter",
        "rev": "59c44d1909c72441144b93cf0f054be7fe764de5",
        "type": "github"
      },
      "original": {
        "owner": "numtide",
        "repo": "nix-filter",
        "type": "github"
      }
    },
    "nix-formatter-pack": {
      "inputs": {
        "nixpkgs": [
          "nix-on-droid",
          "nixpkgs"
        ],
        "nmd": [
          "nix-on-droid",
          "nmd"
        ],
        "nmt": "nmt"
      },
      "locked": {
        "lastModified": 1705252799,
        "narHash": "sha256-HgSTREh7VoXjGgNDwKQUYcYo13rPkltW7IitHrTPA5c=",
        "owner": "Gerschtli",
        "repo": "nix-formatter-pack",
        "rev": "2de39dedd79aab14c01b9e2934842051a160ffa5",
        "type": "github"
      },
      "original": {
        "owner": "Gerschtli",
        "repo": "nix-formatter-pack",
        "type": "github"
      }
    },
    "nix-hazkey": {
      "inputs": {
        "home-manager": "home-manager_4",
        "nixpkgs": [
          "nixpkgs"
        ]
      },
      "locked": {
        "lastModified": 1772159870,
        "narHash": "sha256-knBPKwqhkjEaSnGu63mftdC8YDTwqBRshVHqL3axax0=",
        "owner": "aster-void",
        "repo": "nix-hazkey",
        "rev": "9cfd35d1954ffbfafb6b157d702ab635c3826312",
        "type": "github"
      },
      "original": {
        "owner": "aster-void",
        "repo": "nix-hazkey",
        "type": "github"
      }
    },
    "nix-index-database": {
      "inputs": {
        "nixpkgs": [
          "nixpkgs"
        ]
      },
      "locked": {
        "lastModified": 1772341813,
        "narHash": "sha256-/PQ0ubBCMj/MVCWEI/XMStn55a8dIKsvztj4ZVLvUrQ=",
        "owner": "nix-community",
        "repo": "nix-index-database",
        "rev": "a2051ff239ce2e8a0148fa7a152903d9a78e854f",
        "type": "github"
      },
      "original": {
        "owner": "nix-community",
        "repo": "nix-index-database",
        "type": "github"
      }
    },
    "nix-on-droid": {
      "inputs": {
        "home-manager": [
          "home-manager"
        ],
        "nix-formatter-pack": "nix-formatter-pack",
        "nixpkgs": "nixpkgs_4",
        "nixpkgs-docs": "nixpkgs-docs",
        "nixpkgs-for-bootstrap": "nixpkgs-for-bootstrap",
        "nmd": "nmd"
      },
      "locked": {
        "lastModified": 1765031149,
        "narHash": "sha256-4ZtlnCp4blhsjGnQIxAXDAj7nCJKy7tozoBRtklmwcU=",
        "owner": "nix-community",
        "repo": "nix-on-droid",
        "rev": "55b6449b4582a4ba3ce712543c973360a026db7d",
        "type": "github"
      },
      "original": {
        "owner": "nix-community",
        "repo": "nix-on-droid",
        "type": "github"
      }
    },
    "nix-steipete-tools": {
      "inputs": {
        "nixpkgs": "nixpkgs_5"
      },
      "locked": {
        "lastModified": 1772109967,
        "narHash": "sha256-0oWZtmVJcI7Mc6nAXf7XM4FHLJv+H1X/8Gh31uJCyJ0=",
        "owner": "openclaw",
        "repo": "nix-steipete-tools",
        "rev": "2b97c49e03657af1574aee5a34f57b38fba90035",
        "type": "github"
      },
      "original": {
        "owner": "openclaw",
        "repo": "nix-steipete-tools",
        "type": "github"
      }
    },
    "nixos-wsl": {
      "inputs": {
        "flake-compat": "flake-compat_4",
        "nixpkgs": [
          "nixpkgs"
        ]
      },
      "locked": {
        "lastModified": 1772386632,
        "narHash": "sha256-sm6OpWZuoDwR53KNlsY482YOoHFWlWYwt0wHmqLkRGE=",
        "owner": "nix-community",
        "repo": "NixOS-WSL",
        "rev": "be894604b2aa2184c0b3d3b44995acd0da14dc0c",
        "type": "github"
      },
      "original": {
        "owner": "nix-community",
        "repo": "NixOS-WSL",
        "type": "github"
      }
    },
    "nixpkgs": {
      "locked": {
        "lastModified": 1770537093,
        "narHash": "sha256-XV30uo8tXuxdzuV8l3sojmlPRLd/8tpMsOp4lNzLGUo=",
        "rev": "fef9403a3e4d31b0a23f0bacebbec52c248fbb51",
        "type": "tarball",
        "url": "https://releases.nixos.org/nixpkgs/nixpkgs-26.05pre942631.fef9403a3e4d/nixexprs.tar.xz"
      },
      "original": {
        "type": "tarball",
        "url": "https://channels.nixos.org/nixpkgs-unstable/nixexprs.tar.xz"
      }
    },
    "nixpkgs-docs": {
      "locked": {
        "lastModified": 1705957679,
        "narHash": "sha256-Q8LJaVZGJ9wo33wBafvZSzapYsjOaNjP/pOnSiKVGHY=",
        "owner": "NixOS",
        "repo": "nixpkgs",
        "rev": "9a333eaa80901efe01df07eade2c16d183761fa3",
        "type": "github"
      },
      "original": {
        "owner": "NixOS",
        "ref": "release-23.05",
        "repo": "nixpkgs",
        "type": "github"
      }
    },
    "nixpkgs-for-bootstrap": {
      "locked": {
        "lastModified": 1720244366,
        "narHash": "sha256-WrDV0FPMVd2Sq9hkR5LNHudS3OSMmUrs90JUTN+MXpA=",
        "owner": "NixOS",
        "repo": "nixpkgs",
        "rev": "49ee0e94463abada1de470c9c07bfc12b36dcf40",
        "type": "github"
      },
      "original": {
        "owner": "NixOS",
        "repo": "nixpkgs",
        "rev": "49ee0e94463abada1de470c9c07bfc12b36dcf40",
        "type": "github"
      }
    },
    "nixpkgs-lib": {
      "locked": {
        "lastModified": 1765674936,
        "narHash": "sha256-k00uTP4JNfmejrCLJOwdObYC9jHRrr/5M/a/8L2EIdo=",
        "owner": "nix-community",
        "repo": "nixpkgs.lib",
        "rev": "2075416fcb47225d9b68ac469a5c4801a9c4dd85",
        "type": "github"
      },
      "original": {
        "owner": "nix-community",
        "repo": "nixpkgs.lib",
        "type": "github"
      }
    },
    "nixpkgs-lib_2": {
      "locked": {
        "lastModified": 1765674936,
        "narHash": "sha256-k00uTP4JNfmejrCLJOwdObYC9jHRrr/5M/a/8L2EIdo=",
        "owner": "nix-community",
        "repo": "nixpkgs.lib",
        "rev": "2075416fcb47225d9b68ac469a5c4801a9c4dd85",
        "type": "github"
      },
      "original": {
        "owner": "nix-community",
        "repo": "nixpkgs.lib",
        "type": "github"
      }
    },
    "nixpkgs-lib_3": {
      "locked": {
        "lastModified": 1769909678,
        "narHash": "sha256-cBEymOf4/o3FD5AZnzC3J9hLbiZ+QDT/KDuyHXVJOpM=",
        "owner": "nix-community",
        "repo": "nixpkgs.lib",
        "rev": "72716169fe93074c333e8d0173151350670b824c",
        "type": "github"
      },
      "original": {
        "owner": "nix-community",
        "repo": "nixpkgs.lib",
        "type": "github"
      }
    },
    "nixpkgs-lib_4": {
      "locked": {
        "lastModified": 1772328832,
        "narHash": "sha256-e+/T/pmEkLP6BHhYjx6GmwP5ivonQQn0bJdH9YrRB+Q=",
        "owner": "nix-community",
        "repo": "nixpkgs.lib",
        "rev": "c185c7a5e5dd8f9add5b2f8ebeff00888b070742",
        "type": "github"
      },
      "original": {
        "owner": "nix-community",
        "repo": "nixpkgs.lib",
        "type": "github"
      }
    },
    "nixpkgs-stable": {
      "locked": {
        "lastModified": 1772598333,
        "narHash": "sha256-YaHht/C35INEX3DeJQNWjNaTcPjYmBwwjFJ2jdtr+5U=",
        "owner": "NixOS",
        "repo": "nixpkgs",
        "rev": "fabb8c9deee281e50b1065002c9828f2cf7b2239",
        "type": "github"
      },
      "original": {
        "owner": "NixOS",
        "ref": "nixos-25.11",
        "repo": "nixpkgs",
        "type": "github"
      }
    },
    "nixpkgs-stable_2": {
      "locked": {
        "lastModified": 1772685770,
        "narHash": "sha256-5vsWTqJHwtyH9XLkZqDIDUgeQ7CW21ijXBQ8PPSNOEk=",
        "owner": "NixOS",
        "repo": "nixpkgs",
        "rev": "22ae9c75e1f23c7ff41a4b7f99cff301f30a8f21",
        "type": "github"
      },
      "original": {
        "owner": "NixOS",
        "ref": "nixos-25.11",
        "repo": "nixpkgs",
        "type": "github"
      }
    },
    "nixpkgs_2": {
      "locked": {
        "lastModified": 1772771118,
        "narHash": "sha256-xWzaTvmmACR/SRWtABgI/Z97lcqwJAeoSd5QW1KdK1s=",
        "owner": "NixOS",
        "repo": "nixpkgs",
        "rev": "e38213b91d3786389a446dfce4ff5a8aaf6012f2",
        "type": "github"
      },
      "original": {
        "owner": "NixOS",
        "ref": "nixpkgs-unstable",
        "repo": "nixpkgs",
        "type": "github"
      }
    },
    "nixpkgs_3": {
      "locked": {
        "lastModified": 1772736753,
        "narHash": "sha256-au/m3+EuBLoSzWUCb64a/MZq6QUtOV8oC0D9tY2scPQ=",
        "owner": "NixOS",
        "repo": "nixpkgs",
        "rev": "917fec990948658ef1ccd07cef2a1ef060786846",
        "type": "github"
      },
      "original": {
        "owner": "NixOS",
        "ref": "nixpkgs-unstable",
        "repo": "nixpkgs",
        "type": "github"
      }
    },
    "nixpkgs_4": {
      "locked": {
        "lastModified": 1769299088,
        "narHash": "sha256-VpK0WgdunM6YIra1fij2zm8T+FD1maF8OcCY5H88fV4=",
        "owner": "NixOS",
        "repo": "nixpkgs",
        "rev": "2bceeb45e516fc6956714014c92ddfdafe4c9da3",
        "type": "github"
      },
      "original": {
        "owner": "NixOS",
        "repo": "nixpkgs",
        "rev": "2bceeb45e516fc6956714014c92ddfdafe4c9da3",
        "type": "github"
      }
    },
    "nixpkgs_5": {
      "locked": {
        "lastModified": 1767364772,
        "narHash": "sha256-fFUnEYMla8b7UKjijLnMe+oVFOz6HjijGGNS1l7dYaQ=",
        "owner": "NixOS",
        "repo": "nixpkgs",
        "rev": "16c7794d0a28b5a37904d55bcca36003b9109aaa",
        "type": "github"
      },
      "original": {
        "owner": "NixOS",
        "ref": "nixpkgs-unstable",
        "repo": "nixpkgs",
        "type": "github"
      }
    },
    "nixpkgs_6": {
      "locked": {
        "lastModified": 1772773019,
        "narHash": "sha256-E1bxHxNKfDoQUuvriG71+f+s/NT0qWkImXsYZNFFfCs=",
        "owner": "NixOS",
        "repo": "nixpkgs",
        "rev": "aca4d95fce4914b3892661bcb80b8087293536c6",
        "type": "github"
      },
      "original": {
        "owner": "NixOS",
        "ref": "nixos-unstable",
        "repo": "nixpkgs",
        "type": "github"
      }
    },
    "nixpkgs_7": {
      "locked": {
        "lastModified": 1756035328,
        "narHash": "sha256-vC7SslUBCtdT3T37ZH3PLIWYmTkSeppL5BJJByUjYCM=",
        "owner": "NixOS",
        "repo": "nixpkgs",
        "rev": "6b0b1559e918d4f7d1df398ee1d33aeac586d4d6",
        "type": "github"
      },
      "original": {
        "owner": "NixOS",
        "ref": "nixpkgs-unstable",
        "repo": "nixpkgs",
        "type": "github"
      }
    },
    "nixpkgs_8": {
      "locked": {
        "lastModified": 1744536153,
        "narHash": "sha256-awS2zRgF4uTwrOKwwiJcByDzDOdo3Q1rPZbiHQg/N38=",
        "owner": "NixOS",
        "repo": "nixpkgs",
        "rev": "18dd725c29603f582cf1900e0d25f9f1063dbf11",
        "type": "github"
      },
      "original": {
        "owner": "NixOS",
        "ref": "nixpkgs-unstable",
        "repo": "nixpkgs",
        "type": "github"
      }
    },
    "nmd": {
      "inputs": {
        "nixpkgs": [
          "nix-on-droid",
          "nixpkgs-docs"
        ],
        "scss-reset": "scss-reset"
      },
      "locked": {
        "lastModified": 1705050560,
        "narHash": "sha256-x3zzcdvhJpodsmdjqB4t5mkVW22V3wqHLOun0KRBzUI=",
        "owner": "~rycee",
        "repo": "nmd",
        "rev": "66d9334933119c36f91a78d565c152a4fdc8d3d3",
        "type": "sourcehut"
      },
      "original": {
        "owner": "~rycee",
        "repo": "nmd",
        "type": "sourcehut"
      }
    },
    "nmt": {
      "flake": false,
      "locked": {
        "lastModified": 1648075362,
        "narHash": "sha256-u36WgzoA84dMVsGXzml4wZ5ckGgfnvS0ryzo/3zn/Pc=",
        "owner": "rycee",
        "repo": "nmt",
        "rev": "d83601002c99b78c89ea80e5e6ba21addcfe12ae",
        "type": "gitlab"
      },
      "original": {
        "owner": "rycee",
        "repo": "nmt",
        "type": "gitlab"
      }
    },
    "obsidian-skills": {
      "flake": false,
      "locked": {
        "lastModified": 1771987928,
        "narHash": "sha256-IuHRttse8Th1Wh4lsWtnTIZ1+M2OPtMgDjRobqc2tc8=",
        "owner": "kepano",
        "repo": "obsidian-skills",
        "rev": "790904bd700b0eb072a3bb77e512d2b4069bc83f",
        "type": "github"
      },
      "original": {
        "owner": "kepano",
        "repo": "obsidian-skills",
        "type": "github"
      }
    },
    "onepassword-shell-plugins": {
      "inputs": {
        "nixpkgs": "nixpkgs_7",
        "systems": "systems_3"
      },
      "locked": {
        "lastModified": 1756860511,
        "narHash": "sha256-AA8vN5YMXcCznWfaH/2AgtRNpZPG4wvbLTT79u0b+LU=",
        "owner": "1Password",
        "repo": "shell-plugins",
        "rev": "49810df8fe11221250a890191185c6e59aea8d1e",
        "type": "github"
      },
      "original": {
        "owner": "1Password",
        "repo": "shell-plugins",
        "type": "github"
      }
    },
    "repiq": {
      "inputs": {
        "flake-parts": "flake-parts_5",
        "git-hooks": "git-hooks_3",
        "nixpkgs": [
          "nixpkgs"
        ]
      },
      "locked": {
        "lastModified": 1772000917,
        "narHash": "sha256-aLgFMQnq+A2Goxs4dkiLKoH44h6t7DGM35IUgWxjjOQ=",
        "owner": "yutakobayashidev",
        "repo": "repiq",
        "rev": "da16ecc2ac3d8ba53d904889da8796eb830dc56a",
        "type": "github"
      },
      "original": {
        "owner": "yutakobayashidev",
        "repo": "repiq",
        "type": "github"
      }
    },
    "root": {
      "inputs": {
        "agent-skills": "agent-skills",
        "anthropic-skills": "anthropic-skills",
        "ast-grep-skill": "ast-grep-skill",
        "aws-agent-skills": "aws-agent-skills",
        "brew-api": "brew-api",
        "brew-nix": "brew-nix",
        "cage": "cage",
        "cloudflare-skills": "cloudflare-skills",
        "deno-skills": "deno-skills",
        "flake-parts": "flake-parts",
        "gh-graph": "gh-graph",
        "gh-nippou": "gh-nippou",
        "ghostty": "ghostty",
        "git-hooks": "git-hooks_2",
        "hashicorp-agent-skills": "hashicorp-agent-skills",
        "home-manager": "home-manager_3",
        "llm-agents": "llm-agents",
        "mcp-servers-nix": "mcp-servers-nix",
        "moonbit-overlay": "moonbit-overlay",
        "niri": "niri",
        "nix-darwin": "nix-darwin",
        "nix-filter": "nix-filter",
        "nix-hazkey": "nix-hazkey",
        "nix-index-database": "nix-index-database",
        "nix-on-droid": "nix-on-droid",
        "nix-steipete-tools": "nix-steipete-tools",
        "nixos-wsl": "nixos-wsl",
        "nixpkgs": "nixpkgs_6",
        "nixpkgs-stable": "nixpkgs-stable_2",
        "obsidian-skills": "obsidian-skills",
        "onepassword-shell-plugins": "onepassword-shell-plugins",
        "repiq": "repiq",
        "rustowl-flake": "rustowl-flake",
        "sops-nix": "sops-nix",
        "tree-sitter-moonbit": "tree-sitter-moonbit",
        "treefmt-nix": "treefmt-nix_4",
        "ui-ux-pro-max-skill": "ui-ux-pro-max-skill",
        "vercel-skills": "vercel-skills"
      }
    },
    "rust-overlay": {
      "inputs": {
        "nixpkgs": "nixpkgs_8"
      },
      "locked": {
        "lastModified": 1772593411,
        "narHash": "sha256-47WOnCSyOL6AghZiMIJaTLWM359DHe3be9R1cNCdGUE=",
        "owner": "oxalica",
        "repo": "rust-overlay",
        "rev": "a741b36b77440f5db15fcf2ab6d7d592d2f9ee8f",
        "type": "github"
      },
      "original": {
        "owner": "oxalica",
        "repo": "rust-overlay",
        "type": "github"
      }
    },
    "rustowl": {
      "flake": false,
      "locked": {
        "lastModified": 1772445495,
        "narHash": "sha256-ZmRoz6PdQcYRZlu23Tdl17B7rmnGtHRy3dkmhMLkVtE=",
        "owner": "cordx56",
        "repo": "rustowl",
        "rev": "0a242d3e077053ed150d74efd4f5601db5b4a876",
        "type": "github"
      },
      "original": {
        "owner": "cordx56",
        "repo": "rustowl",
        "type": "github"
      }
    },
    "rustowl-flake": {
      "inputs": {
        "flake-parts": "flake-parts_6",
        "git-hooks": "git-hooks_4",
        "nixpkgs": [
          "nixpkgs"
        ],
        "rust-overlay": "rust-overlay",
        "rustowl": "rustowl"
      },
      "locked": {
        "lastModified": 1772675277,
        "narHash": "sha256-CtvxhXPIAw9h2Q+1g+SkbzvFxlf66orvTVUFKd91XYY=",
        "owner": "nix-community",
        "repo": "rustowl-flake",
        "rev": "7f6f47207ef93f56e966ee2477c35ec3cafecdfe",
        "type": "github"
      },
      "original": {
        "owner": "nix-community",
        "repo": "rustowl-flake",
        "type": "github"
      }
    },
    "scss-reset": {
      "flake": false,
      "locked": {
        "lastModified": 1631450058,
        "narHash": "sha256-muDlZJPtXDIGevSEWkicPP0HQ6VtucbkMNygpGlBEUM=",
        "owner": "andreymatin",
        "repo": "scss-reset",
        "rev": "0cf50e27a4e95e9bb5b1715eedf9c54dee1a5a91",
        "type": "github"
      },
      "original": {
        "owner": "andreymatin",
        "repo": "scss-reset",
        "type": "github"
      }
    },
    "sops-nix": {
      "inputs": {
        "nixpkgs": [
          "nixpkgs"
        ]
      },
      "locked": {
        "lastModified": 1772340640,
        "narHash": "sha256-1nq7+Kt5IUBD8Hu3nptVPbMf+22rNJoHT0t9L1X+GKA=",
        "owner": "Mic92",
        "repo": "sops-nix",
        "rev": "dec4d8eac700dcd2fe3c020857d3ee220ec147f1",
        "type": "github"
      },
      "original": {
        "owner": "Mic92",
        "repo": "sops-nix",
        "type": "github"
      }
    },
    "systems": {
      "locked": {
        "lastModified": 1681028828,
        "narHash": "sha256-Vy1rq5AaRuLzOxct8nz4T6wlgyUR7zLU309k9mBC768=",
        "owner": "nix-systems",
        "repo": "default",
        "rev": "da67096a3b9bf56a91d16901293e51ba5b49a27e",
        "type": "github"
      },
      "original": {
        "owner": "nix-systems",
        "repo": "default",
        "type": "github"
      }
    },
    "systems_2": {
      "locked": {
        "lastModified": 1681028828,
        "narHash": "sha256-Vy1rq5AaRuLzOxct8nz4T6wlgyUR7zLU309k9mBC768=",
        "owner": "nix-systems",
        "repo": "default",
        "rev": "da67096a3b9bf56a91d16901293e51ba5b49a27e",
        "type": "github"
      },
      "original": {
        "owner": "nix-systems",
        "repo": "default",
        "type": "github"
      }
    },
    "systems_3": {
      "locked": {
        "lastModified": 1681028828,
        "narHash": "sha256-Vy1rq5AaRuLzOxct8nz4T6wlgyUR7zLU309k9mBC768=",
        "owner": "nix-systems",
        "repo": "default",
        "rev": "da67096a3b9bf56a91d16901293e51ba5b49a27e",
        "type": "github"
      },
      "original": {
        "owner": "nix-systems",
        "repo": "default",
        "type": "github"
      }
    },
    "tree-sitter-moonbit": {
      "flake": false,
      "locked": {
        "lastModified": 1770699470,
        "narHash": "sha256-IFkP3RbaPNpKVVAAk/vpVF8zn3RjQXPdLCbbdGGGqko=",
        "owner": "moonbitlang",
        "repo": "tree-sitter-moonbit",
        "rev": "f4b3ecc298b13192ff0dafa295b0078d000e5931",
        "type": "github"
      },
      "original": {
        "owner": "moonbitlang",
        "repo": "tree-sitter-moonbit",
        "type": "github"
      }
    },
    "treefmt-nix": {
      "inputs": {
        "nixpkgs": [
          "gh-nippou",
          "nixpkgs"
        ]
      },
      "locked": {
        "lastModified": 1762938485,
        "narHash": "sha256-AlEObg0syDl+Spi4LsZIBrjw+snSVU4T8MOeuZJUJjM=",
        "owner": "numtide",
        "repo": "treefmt-nix",
        "rev": "5b4ee75aeefd1e2d5a1cc43cf6ba65eba75e83e4",
        "type": "github"
      },
      "original": {
        "owner": "numtide",
        "repo": "treefmt-nix",
        "type": "github"
      }
    },
    "treefmt-nix_2": {
      "inputs": {
        "nixpkgs": [
          "llm-agents",
          "nixpkgs"
        ]
      },
      "locked": {
        "lastModified": 1772660329,
        "narHash": "sha256-IjU1FxYqm+VDe5qIOxoW+pISBlGvVApRjiw/Y/ttJzY=",
        "owner": "numtide",
        "repo": "treefmt-nix",
        "rev": "3710e0e1218041bbad640352a0440114b1e10428",
        "type": "github"
      },
      "original": {
        "owner": "numtide",
        "repo": "treefmt-nix",
        "type": "github"
      }
    },
    "treefmt-nix_3": {
      "inputs": {
        "nixpkgs": [
          "moonbit-overlay",
          "nixpkgs"
        ]
      },
      "locked": {
        "lastModified": 1742370146,
        "narHash": "sha256-XRE8hL4vKIQyVMDXykFh4ceo3KSpuJF3ts8GKwh5bIU=",
        "owner": "numtide",
        "repo": "treefmt-nix",
        "rev": "adc195eef5da3606891cedf80c0d9ce2d3190808",
        "type": "github"
      },
      "original": {
        "owner": "numtide",
        "repo": "treefmt-nix",
        "type": "github"
      }
    },
    "treefmt-nix_4": {
      "inputs": {
        "nixpkgs": [
          "nixpkgs"
        ]
      },
      "locked": {
        "lastModified": 1770228511,
        "narHash": "sha256-wQ6NJSuFqAEmIg2VMnLdCnUc0b7vslUohqqGGD+Fyxk=",
        "owner": "numtide",
        "repo": "treefmt-nix",
        "rev": "337a4fe074be1042a35086f15481d763b8ddc0e7",
        "type": "github"
      },
      "original": {
        "owner": "numtide",
        "repo": "treefmt-nix",
        "type": "github"
      }
    },
    "ui-ux-pro-max-skill": {
      "flake": false,
      "locked": {
        "lastModified": 1772424874,
        "narHash": "sha256-IVKxLghelnKma9qILcobsFmb1p8CgKbugmBgzZG7poo=",
        "owner": "nextlevelbuilder",
        "repo": "ui-ux-pro-max-skill",
        "rev": "58f9dfcc71863757371abe2f66397604cb604c87",
        "type": "github"
      },
      "original": {
        "owner": "nextlevelbuilder",
        "repo": "ui-ux-pro-max-skill",
        "type": "github"
      }
    },
    "vercel-skills": {
      "flake": false,
      "locked": {
        "lastModified": 1772608629,
        "narHash": "sha256-2PfDxApn1UgANYJxfgQ+mzywUw+Fb3KW9mwPmqCtR5A=",
        "owner": "vercel-labs",
        "repo": "skills",
        "rev": "bacd4981aead1170a6f5466ea2627106c7e816e2",
        "type": "github"
      },
      "original": {
        "owner": "vercel-labs",
        "repo": "skills",
        "type": "github"
      }
    },
    "xwayland-satellite-stable": {
      "flake": false,
      "locked": {
        "lastModified": 1755491097,
        "narHash": "sha256-m+9tUfsmBeF2Gn4HWa6vSITZ4Gz1eA1F5Kh62B0N4oE=",
        "owner": "Supreeeme",
        "repo": "xwayland-satellite",
        "rev": "388d291e82ffbc73be18169d39470f340707edaa",
        "type": "github"
      },
      "original": {
        "owner": "Supreeeme",
        "ref": "v0.7",
        "repo": "xwayland-satellite",
        "type": "github"
      }
    },
    "xwayland-satellite-unstable": {
      "flake": false,
      "locked": {
        "lastModified": 1772429643,
        "narHash": "sha256-M+bAeCCcjBnVk6w/4dIVvXvpJwOKnXjwi/lDbaN6Yws=",
        "owner": "Supreeeme",
        "repo": "xwayland-satellite",
        "rev": "10f985b84cdbcc3bbf35b3e7e43d1b2a84fa9ce2",
        "type": "github"
      },
      "original": {
        "owner": "Supreeeme",
        "repo": "xwayland-satellite",
        "type": "github"
      }
    },
    "zig": {
      "inputs": {
        "flake-compat": [
          "ghostty",
          "flake-compat"
        ],
        "flake-utils": [
          "ghostty",
          "flake-utils"
        ],
        "nixpkgs": [
          "ghostty",
          "nixpkgs"
        ]
      },
      "locked": {
        "lastModified": 1763295135,
        "narHash": "sha256-sGv/NHCmEnJivguGwB5w8LRmVqr1P72OjS+NzcJsssE=",
        "owner": "mitchellh",
        "repo": "zig-overlay",
        "rev": "64f8b42cfc615b2cf99144adf2b7728c7847c72a",
        "type": "github"
      },
      "original": {
        "owner": "mitchellh",
        "repo": "zig-overlay",
        "type": "github"
      }
    },
    "zon2nix": {
      "inputs": {
        "nixpkgs": [
          "ghostty",
          "nixpkgs"
        ]
      },
      "locked": {
        "lastModified": 1768231828,
        "narHash": "sha256-wL/8Iij4T2OLkhHcc4NieOjf7YeJffaUYbCiCqKv/+0=",
        "owner": "jcollie",
        "repo": "zon2nix",
        "rev": "c28e93f3ba133d4c1b1d65224e2eebede61fd071",
        "type": "github"
      },
      "original": {
        "owner": "jcollie",
        "repo": "zon2nix",
        "rev": "c28e93f3ba133d4c1b1d65224e2eebede61fd071",
        "type": "github"
      }
    }
  },
  "root": "root",
  "version": 7
}
